
Microsoft Visual Studio Solution File, Format Version 12.00
# Visual Studio 15
VisualStudioVersion = 15.0.26124.0
MinimumVisualStudioVersion = 15.0.26124.0
Project("{FAE04EC0-301F-11D3-BF4B-00C04F79EFBC}") = "DPLabMain", "DPLabMain\DPLabMain.csproj", "{EE5DF931-592F-498E-977A-C023ABC8F79F}"
EndProject
Project("{2150E333-8FDC-42A3-9474-1A3956D46DE8}") = "Singleton", "Singleton", "{4E84C23F-7B71-40C1-98B0-C7A94179832A}"
EndProject
Project("{FAE04EC0-301F-11D3-BF4B-00C04F79EFBC}") = "SingletonProblem", "Singleton\Problem\SingletonProblem.csproj", "{3707DDD3-A07E-4048-B829-8C61ABDC2C38}"
EndProject
Project("{FAE04EC0-301F-11D3-BF4B-00C04F79EFBC}") = "SingletonSolution", "Singleton\Solution\SingletonSolution.csproj", "{4AFA2C69-F525-49F1-A818-E0A2F06024FE}"
EndProject
Project("{2150E333-8FDC-42A3-9474-1A3956D46DE8}") = "Bridge", "Bridge", "{65A822E5-DCDD-4FB9-9372-88C941936DE9}"
EndProject
Project("{FAE04EC0-301F-11D3-BF4B-00C04F79EFBC}") = "BridgeProblem", "Bridge\Problem\BridgeProblem.csproj", "{6615E9A4-634C-45AD-8DC9-FDBF45B9CA72}"
EndProject
Project("{FAE04EC0-301F-11D3-BF4B-00C04F79EFBC}") = "BridgeSolution", "Bridge\Solution\BridgeSolution.csproj", "{7A81041C-8839-4E79-959A-180283D86E7C}"
EndProject
Global
	GlobalSection(SolutionConfigurationPlatforms) = preSolution
		Debug|Any CPU = Debug|Any CPU
		Debug|x64 = Debug|x64
		Debug|x86 = Debug|x86
		Release|Any CPU = Release|Any CPU
		Release|x64 = Release|x64
		Release|x86 = Release|x86
	EndGlobalSection
	GlobalSection(SolutionProperties) = preSolution
		HideSolutionNode = FALSE
	EndGlobalSection
	GlobalSection(ProjectConfigurationPlatforms) = postSolution
		{EE5DF931-592F-498E-977A-C023ABC8F79F}.Debug|Any CPU.ActiveCfg = Debug|Any CPU
		{EE5DF931-592F-498E-977A-C023ABC8F79F}.Debug|Any CPU.Build.0 = Debug|Any CPU
		{EE5DF931-592F-498E-977A-C023ABC8F79F}.Debug|x64.ActiveCfg = Debug|Any CPU
		{EE5DF931-592F-498E-977A-C023ABC8F79F}.Debug|x64.Build.0 = Debug|Any CPU
		{EE5DF931-592F-498E-977A-C023ABC8F79F}.Debug|x86.ActiveCfg = Debug|Any CPU
		{EE5DF931-592F-498E-977A-C023ABC8F79F}.Debug|x86.Build.0 = Debug|Any CPU
		{EE5DF931-592F-498E-977A-C023ABC8F79F}.Release|Any CPU.ActiveCfg = Release|Any CPU
		{EE5DF931-592F-498E-977A-C023ABC8F79F}.Release|Any CPU.Build.0 = Release|Any CPU
		{EE5DF931-592F-498E-977A-C023ABC8F79F}.Release|x64.ActiveCfg = Release|Any CPU
		{EE5DF931-592F-498E-977A-C023ABC8F79F}.Release|x64.Build.0 = Release|Any CPU
		{EE5DF931-592F-498E-977A-C023ABC8F79F}.Release|x86.ActiveCfg = Release|Any CPU
		{EE5DF931-592F-498E-977A-C023ABC8F79F}.Release|x86.Build.0 = Release|Any CPU
		{3707DDD3-A07E-4048-B829-8C61ABDC2C38}.Debug|Any CPU.ActiveCfg = Debug|Any CPU
		{3707DDD3-A07E-4048-B829-8C61ABDC2C38}.Debug|Any CPU.Build.0 = Debug|Any CPU
		{3707DDD3-A07E-4048-B829-8C61ABDC2C38}.Debug|x64.ActiveCfg = Debug|Any CPU
		{3707DDD3-A07E-4048-B829-8C61ABDC2C38}.Debug|x64.Build.0 = Debug|Any CPU
		{3707DDD3-A07E-4048-B829-8C61ABDC2C38}.Debug|x86.ActiveCfg = Debug|Any CPU
		{3707DDD3-A07E-4048-B829-8C61ABDC2C38}.Debug|x86.Build.0 = Debug|Any CPU
		{3707DDD3-A07E-4048-B829-8C61ABDC2C38}.Release|Any CPU.ActiveCfg = Release|Any CPU
		{3707DDD3-A07E-4048-B829-8C61ABDC2C38}.Release|Any CPU.Build.0 = Release|Any CPU
		{3707DDD3-A07E-4048-B829-8C61ABDC2C38}.Release|x64.ActiveCfg = Release|Any CPU
		{3707DDD3-A07E-4048-B829-8C61ABDC2C38}.Release|x64.Build.0 = Release|Any CPU
		{3707DDD3-A07E-4048-B829-8C61ABDC2C38}.Release|x86.ActiveCfg = Release|Any CPU
		{3707DDD3-A07E-4048-B829-8C61ABDC2C38}.Release|x86.Build.0 = Release|Any CPU
		{4AFA2C69-F525-49F1-A818-E0A2F06024FE}.Debug|Any CPU.ActiveCfg = Debug|Any CPU
		{4AFA2C69-F525-49F1-A818-E0A2F06024FE}.Debug|Any CPU.Build.0 = Debug|Any CPU
		{4AFA2C69-F525-49F1-A818-E0A2F06024FE}.Debug|x64.ActiveCfg = Debug|Any CPU
		{4AFA2C69-F525-49F1-A818-E0A2F06024FE}.Debug|x64.Build.0 = Debug|Any CPU
		{4AFA2C69-F525-49F1-A818-E0A2F06024FE}.Debug|x86.ActiveCfg = Debug|Any CPU
		{4AFA2C69-F525-49F1-A818-E0A2F06024FE}.Debug|x86.Build.0 = Debug|Any CPU
		{4AFA2C69-F525-49F1-A818-E0A2F06024FE}.Release|Any CPU.ActiveCfg = Release|Any CPU
		{4AFA2C69-F525-49F1-A818-E0A2F06024FE}.Release|Any CPU.Build.0 = Release|Any CPU
		{4AFA2C69-F525-49F1-A818-E0A2F06024FE}.Release|x64.ActiveCfg = Release|Any CPU
		{4AFA2C69-F525-49F1-A818-E0A2F06024FE}.Release|x64.Build.0 = Release|Any CPU
		{4AFA2C69-F525-49F1-A818-E0A2F06024FE}.Release|x86.ActiveCfg = Release|Any CPU
		{4AFA2C69-F525-49F1-A818-E0A2F06024FE}.Release|x86.Build.0 = Release|Any CPU
		{6615E9A4-634C-45AD-8DC9-FDBF45B9CA72}.Debug|Any CPU.ActiveCfg = Debug|Any CPU
		{6615E9A4-634C-45AD-8DC9-FDBF45B9CA72}.Debug|Any CPU.Build.0 = Debug|Any CPU
		{6615E9A4-634C-45AD-8DC9-FDBF45B9CA72}.Debug|x64.ActiveCfg = Debug|Any CPU
		{6615E9A4-634C-45AD-8DC9-FDBF45B9CA72}.Debug|x64.Build.0 = Debug|Any CPU
		{6615E9A4-634C-45AD-8DC9-FDBF45B9CA72}.Debug|x86.ActiveCfg = Debug|Any CPU
		{6615E9A4-634C-45AD-8DC9-FDBF45B9CA72}.Debug|x86.Build.0 = Debug|Any CPU
		{6615E9A4-634C-45AD-8DC9-FDBF45B9CA72}.Release|Any CPU.ActiveCfg = Release|Any CPU
		{6615E9A4-634C-45AD-8DC9-FDBF45B9CA72}.Release|Any CPU.Build.0 = Release|Any CPU
		{6615E9A4-634C-45AD-8DC9-FDBF45B9CA72}.Release|x64.ActiveCfg = Release|Any CPU
		{6615E9A4-634C-45AD-8DC9-FDBF45B9CA72}.Release|x64.Build.0 = Release|Any CPU
		{6615E9A4-634C-45AD-8DC9-FDBF45B9CA72}.Release|x86.ActiveCfg = Release|Any CPU
		{6615E9A4-634C-45AD-8DC9-FDBF45B9CA72}.Release|x86.Build.0 = Release|Any CPU
		{7A81041C-8839-4E79-959A-180283D86E7C}.Debug|Any CPU.ActiveCfg = Debug|Any CPU
		{7A81041C-8839-4E79-959A-180283D86E7C}.Debug|Any CPU.Build.0 = Debug|Any CPU
		{7A81041C-8839-4E79-959A-180283D86E7C}.Debug|x64.ActiveCfg = Debug|Any CPU
		{7A81041C-8839-4E79-959A-180283D86E7C}.Debug|x64.Build.0 = Debug|Any CPU
		{7A81041C-8839-4E79-959A-180283D86E7C}.Debug|x86.ActiveCfg = Debug|Any CPU
		{7A81041C-8839-4E79-959A-180283D86E7C}.Debug|x86.Build.0 = Debug|Any CPU
		{7A81041C-8839-4E79-959A-180283D86E7C}.Release|Any CPU.ActiveCfg = Release|Any CPU
		{7A81041C-8839-4E79-959A-180283D86E7C}.Release|Any CPU.Build.0 = Release|Any CPU
		{7A81041C-8839-4E79-959A-180283D86E7C}.Release|x64.ActiveCfg = Release|Any CPU
		{7A81041C-8839-4E79-959A-180283D86E7C}.Release|x64.Build.0 = Release|Any CPU
		{7A81041C-8839-4E79-959A-180283D86E7C}.Release|x86.ActiveCfg = Release|Any CPU
		{7A81041C-8839-4E79-959A-180283D86E7C}.Release|x86.Build.0 = Release|Any CPU
	EndGlobalSection
	GlobalSection(NestedProjects) = preSolution
		{3707DDD3-A07E-4048-B829-8C61ABDC2C38} = {4E84C23F-7B71-40C1-98B0-C7A94179832A}
		{4AFA2C69-F525-49F1-A818-E0A2F06024FE} = {4E84C23F-7B71-40C1-98B0-C7A94179832A}
		{6615E9A4-634C-45AD-8DC9-FDBF45B9CA72} = {65A822E5-DCDD-4FB9-9372-88C941936DE9}
		{7A81041C-8839-4E79-959A-180283D86E7C} = {65A822E5-DCDD-4FB9-9372-88C941936DE9}
	EndGlobalSection
EndGlobal
